
Microsoft Visual Studio Solution File, Format Version 12.00
# Visual Studio Version 16
VisualStudioVersion = 16.0.31613.86
MinimumVisualStudioVersion = 10.0.40219.1
Project("{2150E333-8FDC-42A3-9474-1A3956D46DE8}") = "frontend", "frontend", "{02B4312F-D32C-44F2-8C7B-35D98E7A3C21}"
EndProject
Project("{2150E333-8FDC-42A3-9474-1A3956D46DE8}") = "services", "services", "{1CE960C8-E271-4000-8522-D627BFB4A640}"
EndProject
Project("{9A19103F-16F7-4668-BE54-9A1E7A4F7556}") = "GeekShopping.Web", "GeekShopping.Web\GeekShopping.Web.csproj", "{8726BF41-19BF-49C7-A9DE-48D6F2A782B6}"
EndProject
Project("{9A19103F-16F7-4668-BE54-9A1E7A4F7556}") = "GeekShopping.ProductAPI", "GeekShopping.ProductAPI\GeekShopping.ProductAPI.csproj", "{640A82C5-E9FC-4C0B-8C8E-6CAD92C9D6BA}"
EndProject
Project("{9A19103F-16F7-4668-BE54-9A1E7A4F7556}") = "GeekShopping.IdentityServer", "GeekShopping.IdentityServer\GeekShopping.IdentityServer.csproj", "{96E0FD21-0D4F-48B6-B310-FB0845011B42}"
EndProject
Project("{9A19103F-16F7-4668-BE54-9A1E7A4F7556}") = "GeekShopping.CartAPI", "GeekShopping.CartAPI\GeekShopping.CartAPI.csproj", "{68750A29-9E13-4716-ADB3-715E1811BD62}"
EndProject
Project("{9A19103F-16F7-4668-BE54-9A1E7A4F7556}") = "GeekShopping.CouponAPI", "GeekShopping.CouponAPI\GeekShopping.CouponAPI.csproj", "{1938BC8A-851D-428F-85B0-6012E235EDEC}"
EndProject
Project("{2150E333-8FDC-42A3-9474-1A3956D46DE8}") = "integration", "integration", "{15FD2382-476D-488E-A5AB-15925F63E7B9}"
EndProject
Project("{9A19103F-16F7-4668-BE54-9A1E7A4F7556}") = "GeekShopping.OrderAPI", "GeekShopping.OrderAPI\GeekShopping.OrderAPI.csproj", "{CEA174B0-D518-4D34-B3D2-A82B6258A665}"
EndProject
Project("{FAE04EC0-301F-11D3-BF4B-00C04F79EFBC}") = "GeekShopping.MessageBus", "GeekShopping.MessageBus\GeekShopping.MessageBus.csproj", "{5D0EC893-5D9D-4D44-8C81-D8F007E860D5}"
EndProject
Project("{2150E333-8FDC-42A3-9474-1A3956D46DE8}") = "payments", "payments", "{1B953898-1797-4177-9AC6-D2F1A7E6CDEC}"
EndProject
Project("{FAE04EC0-301F-11D3-BF4B-00C04F79EFBC}") = "GeekShopping.PaymentProcessor", "GeekShopping.PaymentProcessor\GeekShopping.PaymentProcessor.csproj", "{C03B551C-BF00-41BB-BDB3-1044A8A7DF00}"
EndProject
Project("{FAE04EC0-301F-11D3-BF4B-00C04F79EFBC}") = "GeekShopping.PaymentAPI", "GeekShopping.PaymentAPI\GeekShopping.PaymentAPI.csproj", "{ED1AEED7-BD58-466E-AF86-B7927BB5C7B9}"
EndProject
Global
	GlobalSection(SolutionConfigurationPlatforms) = preSolution
		Debug|Any CPU = Debug|Any CPU
		Release|Any CPU = Release|Any CPU
	EndGlobalSection
	GlobalSection(ProjectConfigurationPlatforms) = postSolution
		{8726BF41-19BF-49C7-A9DE-48D6F2A782B6}.Debug|Any CPU.ActiveCfg = Debug|Any CPU
		{8726BF41-19BF-49C7-A9DE-48D6F2A782B6}.Debug|Any CPU.Build.0 = Debug|Any CPU
		{8726BF41-19BF-49C7-A9DE-48D6F2A782B6}.Release|Any CPU.ActiveCfg = Release|Any CPU
		{8726BF41-19BF-49C7-A9DE-48D6F2A782B6}.Release|Any CPU.Build.0 = Release|Any CPU
		{640A82C5-E9FC-4C0B-8C8E-6CAD92C9D6BA}.Debug|Any CPU.ActiveCfg = Debug|Any CPU
		{640A82C5-E9FC-4C0B-8C8E-6CAD92C9D6BA}.Debug|Any CPU.Build.0 = Debug|Any CPU
		{640A82C5-E9FC-4C0B-8C8E-6CAD92C9D6BA}.Release|Any CPU.ActiveCfg = Release|Any CPU
		{640A82C5-E9FC-4C0B-8C8E-6CAD92C9D6BA}.Release|Any CPU.Build.0 = Release|Any CPU
		{96E0FD21-0D4F-48B6-B310-FB0845011B42}.Debug|Any CPU.ActiveCfg = Debug|Any CPU
		{96E0FD21-0D4F-48B6-B310-FB0845011B42}.Debug|Any CPU.Build.0 = Debug|Any CPU
		{96E0FD21-0D4F-48B6-B310-FB0845011B42}.Release|Any CPU.ActiveCfg = Release|Any CPU
		{96E0FD21-0D4F-48B6-B310-FB0845011B42}.Release|Any CPU.Build.0 = Release|Any CPU
		{68750A29-9E13-4716-ADB3-715E1811BD62}.Debug|Any CPU.ActiveCfg = Debug|Any CPU
		{68750A29-9E13-4716-ADB3-715E1811BD62}.Debug|Any CPU.Build.0 = Debug|Any CPU
		{68750A29-9E13-4716-ADB3-715E1811BD62}.Release|Any CPU.ActiveCfg = Release|Any CPU
		{68750A29-9E13-4716-ADB3-715E1811BD62}.Release|Any CPU.Build.0 = Release|Any CPU
		{1938BC8A-851D-428F-85B0-6012E235EDEC}.Debug|Any CPU.ActiveCfg = Debug|Any CPU
		{1938BC8A-851D-428F-85B0-6012E235EDEC}.Debug|Any CPU.Build.0 = Debug|Any CPU
		{1938BC8A-851D-428F-85B0-6012E235EDEC}.Release|Any CPU.ActiveCfg = Release|Any CPU
		{1938BC8A-851D-428F-85B0-6012E235EDEC}.Release|Any CPU.Build.0 = Release|Any CPU
		{CEA174B0-D518-4D34-B3D2-A82B6258A665}.Debug|Any CPU.ActiveCfg = Debug|Any CPU
		{CEA174B0-D518-4D34-B3D2-A82B6258A665}.Debug|Any CPU.Build.0 = Debug|Any CPU
		{CEA174B0-D518-4D34-B3D2-A82B6258A665}.Release|Any CPU.ActiveCfg = Release|Any CPU
		{CEA174B0-D518-4D34-B3D2-A82B6258A665}.Release|Any CPU.Build.0 = Release|Any CPU
		{5D0EC893-5D9D-4D44-8C81-D8F007E860D5}.Debug|Any CPU.ActiveCfg = Debug|Any CPU
		{5D0EC893-5D9D-4D44-8C81-D8F007E860D5}.Debug|Any CPU.Build.0 = Debug|Any CPU
		{5D0EC893-5D9D-4D44-8C81-D8F007E860D5}.Release|Any CPU.ActiveCfg = Release|Any CPU
		{5D0EC893-5D9D-4D44-8C81-D8F007E860D5}.Release|Any CPU.Build.0 = Release|Any CPU
		{C03B551C-BF00-41BB-BDB3-1044A8A7DF00}.Debug|Any CPU.ActiveCfg = Debug|Any CPU
		{C03B551C-BF00-41BB-BDB3-1044A8A7DF00}.Debug|Any CPU.Build.0 = Debug|Any CPU
		{C03B551C-BF00-41BB-BDB3-1044A8A7DF00}.Release|Any CPU.ActiveCfg = Release|Any CPU
		{C03B551C-BF00-41BB-BDB3-1044A8A7DF00}.Release|Any CPU.Build.0 = Release|Any CPU
		{ED1AEED7-BD58-466E-AF86-B7927BB5C7B9}.Debug|Any CPU.ActiveCfg = Debug|Any CPU
		{ED1AEED7-BD58-466E-AF86-B7927BB5C7B9}.Debug|Any CPU.Build.0 = Debug|Any CPU
		{ED1AEED7-BD58-466E-AF86-B7927BB5C7B9}.Release|Any CPU.ActiveCfg = Release|Any CPU
		{ED1AEED7-BD58-466E-AF86-B7927BB5C7B9}.Release|Any CPU.Build.0 = Release|Any CPU
	EndGlobalSection
	GlobalSection(SolutionProperties) = preSolution
		HideSolutionNode = FALSE
	EndGlobalSection
	GlobalSection(NestedProjects) = preSolution
		{8726BF41-19BF-49C7-A9DE-48D6F2A782B6} = {02B4312F-D32C-44F2-8C7B-35D98E7A3C21}
		{640A82C5-E9FC-4C0B-8C8E-6CAD92C9D6BA} = {1CE960C8-E271-4000-8522-D627BFB4A640}
		{96E0FD21-0D4F-48B6-B310-FB0845011B42} = {1CE960C8-E271-4000-8522-D627BFB4A640}
		{68750A29-9E13-4716-ADB3-715E1811BD62} = {1CE960C8-E271-4000-8522-D627BFB4A640}
		{1938BC8A-851D-428F-85B0-6012E235EDEC} = {1CE960C8-E271-4000-8522-D627BFB4A640}
		{CEA174B0-D518-4D34-B3D2-A82B6258A665} = {1CE960C8-E271-4000-8522-D627BFB4A640}
		{5D0EC893-5D9D-4D44-8C81-D8F007E860D5} = {15FD2382-476D-488E-A5AB-15925F63E7B9}
		{C03B551C-BF00-41BB-BDB3-1044A8A7DF00} = {1B953898-1797-4177-9AC6-D2F1A7E6CDEC}
		{ED1AEED7-BD58-466E-AF86-B7927BB5C7B9} = {1CE960C8-E271-4000-8522-D627BFB4A640}
	EndGlobalSection
	GlobalSection(ExtensibilityGlobals) = postSolution
		SolutionGuid = {031EE3E4-F465-4CA9-8E3B-73D1D75CB00B}
	EndGlobalSection
EndGlobal
